
Microsoft Visual Studio Solution File, Format Version 12.00
# Visual Studio Version 17
VisualStudioVersion = 17.11.35219.272
MinimumVisualStudioVersion = 10.0.40219.1
Project("{2150E333-8FDC-42A3-9474-1A3956D46DE8}") = "Services", "Services", "{CA30AB51-A5CD-420B-8ABD-91FB843BE958}"
EndProject
Project("{2150E333-8FDC-42A3-9474-1A3956D46DE8}") = "ShoppingCart", "ShoppingCart", "{5515404D-532B-4D0F-B8F9-9BACDD0E48A9}"
EndProject
Project("{9A19103F-16F7-4668-BE54-9A1E7A4F7556}") = "ShoppingCart.Api", "Services\ShoppingCart\ShoppingCart.Api\ShoppingCart.Api.csproj", "{F6BF08DD-7A7D-46FF-93CD-BC0DE1693DB4}"
EndProject
Project("{2150E333-8FDC-42A3-9474-1A3956D46DE8}") = "Discount", "Discount", "{065AA0F7-201E-4E5F-A9B0-BEE9955CC42D}"
EndProject
Project("{9A19103F-16F7-4668-BE54-9A1E7A4F7556}") = "Discount.Grpc", "Services\Discount\Discount.Grpc\Discount.Grpc.csproj", "{70258DBA-8E34-40DE-8DFF-DA523A1350C8}"
EndProject
Project("{9A19103F-16F7-4668-BE54-9A1E7A4F7556}") = "grpc-demo.AppHost", "grpc-demo.AppHost\grpc-demo.AppHost.csproj", "{F19E35D1-D2E5-48AD-BCEB-9CCF1D0D8DDB}"
EndProject
Project("{9A19103F-16F7-4668-BE54-9A1E7A4F7556}") = "grpc-demo.ServiceDefaults", "grpc-demo.ServiceDefaults\grpc-demo.ServiceDefaults.csproj", "{2BAC17E2-C804-43F4-9239-EE2FEF4B7141}"
EndProject
Project("{2150E333-8FDC-42A3-9474-1A3956D46DE8}") = "Aspire", "Aspire", "{32B24A9A-9970-4FB3-A1B5-5231F4C5DDC3}"
EndProject
Global
	GlobalSection(SolutionConfigurationPlatforms) = preSolution
		Debug|Any CPU = Debug|Any CPU
		Release|Any CPU = Release|Any CPU
	EndGlobalSection
	GlobalSection(ProjectConfigurationPlatforms) = postSolution
		{F6BF08DD-7A7D-46FF-93CD-BC0DE1693DB4}.Debug|Any CPU.ActiveCfg = Debug|Any CPU
		{F6BF08DD-7A7D-46FF-93CD-BC0DE1693DB4}.Debug|Any CPU.Build.0 = Debug|Any CPU
		{F6BF08DD-7A7D-46FF-93CD-BC0DE1693DB4}.Release|Any CPU.ActiveCfg = Release|Any CPU
		{F6BF08DD-7A7D-46FF-93CD-BC0DE1693DB4}.Release|Any CPU.Build.0 = Release|Any CPU
		{70258DBA-8E34-40DE-8DFF-DA523A1350C8}.Debug|Any CPU.ActiveCfg = Debug|Any CPU
		{70258DBA-8E34-40DE-8DFF-DA523A1350C8}.Debug|Any CPU.Build.0 = Debug|Any CPU
		{70258DBA-8E34-40DE-8DFF-DA523A1350C8}.Release|Any CPU.ActiveCfg = Release|Any CPU
		{70258DBA-8E34-40DE-8DFF-DA523A1350C8}.Release|Any CPU.Build.0 = Release|Any CPU
		{F19E35D1-D2E5-48AD-BCEB-9CCF1D0D8DDB}.Debug|Any CPU.ActiveCfg = Debug|Any CPU
		{F19E35D1-D2E5-48AD-BCEB-9CCF1D0D8DDB}.Debug|Any CPU.Build.0 = Debug|Any CPU
		{F19E35D1-D2E5-48AD-BCEB-9CCF1D0D8DDB}.Release|Any CPU.ActiveCfg = Release|Any CPU
		{F19E35D1-D2E5-48AD-BCEB-9CCF1D0D8DDB}.Release|Any CPU.Build.0 = Release|Any CPU
		{2BAC17E2-C804-43F4-9239-EE2FEF4B7141}.Debug|Any CPU.ActiveCfg = Debug|Any CPU
		{2BAC17E2-C804-43F4-9239-EE2FEF4B7141}.Debug|Any CPU.Build.0 = Debug|Any CPU
		{2BAC17E2-C804-43F4-9239-EE2FEF4B7141}.Release|Any CPU.ActiveCfg = Release|Any CPU
		{2BAC17E2-C804-43F4-9239-EE2FEF4B7141}.Release|Any CPU.Build.0 = Release|Any CPU
	EndGlobalSection
	GlobalSection(SolutionProperties) = preSolution
		HideSolutionNode = FALSE
	EndGlobalSection
	GlobalSection(NestedProjects) = preSolution
		{5515404D-532B-4D0F-B8F9-9BACDD0E48A9} = {CA30AB51-A5CD-420B-8ABD-91FB843BE958}
		{F6BF08DD-7A7D-46FF-93CD-BC0DE1693DB4} = {5515404D-532B-4D0F-B8F9-9BACDD0E48A9}
		{065AA0F7-201E-4E5F-A9B0-BEE9955CC42D} = {CA30AB51-A5CD-420B-8ABD-91FB843BE958}
		{70258DBA-8E34-40DE-8DFF-DA523A1350C8} = {065AA0F7-201E-4E5F-A9B0-BEE9955CC42D}
		{F19E35D1-D2E5-48AD-BCEB-9CCF1D0D8DDB} = {32B24A9A-9970-4FB3-A1B5-5231F4C5DDC3}
		{2BAC17E2-C804-43F4-9239-EE2FEF4B7141} = {32B24A9A-9970-4FB3-A1B5-5231F4C5DDC3}
	EndGlobalSection
	GlobalSection(ExtensibilityGlobals) = postSolution
		SolutionGuid = {17495E67-AB37-4B9F-9A88-D99020C543CE}
	EndGlobalSection
EndGlobal
